
Microsoft Visual Studio Solution File, Format Version 12.00
# Visual Studio Version 17
VisualStudioVersion = 17.3.32922.545
MinimumVisualStudioVersion = 10.0.40219.1
Project("{FAE04EC0-301F-11D3-BF4B-00C04F79EFBC}") = "rockPaperScissors", "rockPaperScissors.csproj", "{D25C0905-3FFD-4A7F-AFC5-740A7ADCF3E5}"
EndProject
Global
	GlobalSection(SolutionConfigurationPlatforms) = preSolution
		Debug|Any CPU = Debug|Any CPU
		Release|Any CPU = Release|Any CPU
	EndGlobalSection
	GlobalSection(ProjectConfigurationPlatforms) = postSolution
		{D25C0905-3FFD-4A7F-AFC5-740A7ADCF3E5}.Debug|Any CPU.ActiveCfg = Debug|Any CPU
		{D25C0905-3FFD-4A7F-AFC5-740A7ADCF3E5}.Debug|Any CPU.Build.0 = Debug|Any CPU
		{D25C0905-3FFD-4A7F-AFC5-740A7ADCF3E5}.Release|Any CPU.ActiveCfg = Release|Any CPU
		{D25C0905-3FFD-4A7F-AFC5-740A7ADCF3E5}.Release|Any CPU.Build.0 = Release|Any CPU
	EndGlobalSection
	GlobalSection(SolutionProperties) = preSolution
		HideSolutionNode = FALSE
	EndGlobalSection
	GlobalSection(ExtensibilityGlobals) = postSolution
		SolutionGuid = {18EC46FC-1073-4BE2-960A-2CF25D0AFBD5}
	EndGlobalSection
EndGlobal
